
Microsoft Visual Studio Solution File, Format Version 12.00
Project("{FAE04EC0-301F-11D3-BF4B-00C04F79EFBC}") = "parser", "parser\parser.csproj", "{C8D50784-C2C3-4D30-B45B-DA7D6CA4B629}"
EndProject
Global
	GlobalSection(SolutionConfigurationPlatforms) = preSolution
		Debug|Any CPU = Debug|Any CPU
		Release|Any CPU = Release|Any CPU
	EndGlobalSection
	GlobalSection(ProjectConfigurationPlatforms) = postSolution
		{C8D50784-C2C3-4D30-B45B-DA7D6CA4B629}.Debug|Any CPU.ActiveCfg = Debug|Any CPU
		{C8D50784-C2C3-4D30-B45B-DA7D6CA4B629}.Debug|Any CPU.Build.0 = Debug|Any CPU
		{C8D50784-C2C3-4D30-B45B-DA7D6CA4B629}.Release|Any CPU.ActiveCfg = Release|Any CPU
		{C8D50784-C2C3-4D30-B45B-DA7D6CA4B629}.Release|Any CPU.Build.0 = Release|Any CPU
	EndGlobalSection
EndGlobal
